
Microsoft Visual Studio Solution File, Format Version 12.00
# Visual Studio 15
VisualStudioVersion = 15.0.28307.271
MinimumVisualStudioVersion = 10.0.40219.1
Project("{FAE04EC0-301F-11D3-BF4B-00C04F79EFBC}") = "SecretApi.Memory", "SecretApi.Memory\SecretApi.Memory.csproj", "{3BA0882A-6BCE-4D67-9AEC-2289736684B8}"
EndProject
Project("{FAE04EC0-301F-11D3-BF4B-00C04F79EFBC}") = "SecretApi.Memory.Tests", "SecretApi.Memory.Tests\SecretApi.Memory.Tests.csproj", "{359ED9B4-B0B7-4A24-BD7E-B6526AF14D18}"
EndProject
Global
	GlobalSection(SolutionConfigurationPlatforms) = preSolution
		Debug|Any CPU = Debug|Any CPU
		Release|Any CPU = Release|Any CPU
	EndGlobalSection
	GlobalSection(ProjectConfigurationPlatforms) = postSolution
		{3BA0882A-6BCE-4D67-9AEC-2289736684B8}.Debug|Any CPU.ActiveCfg = Debug|Any CPU
		{3BA0882A-6BCE-4D67-9AEC-2289736684B8}.Debug|Any CPU.Build.0 = Debug|Any CPU
		{3BA0882A-6BCE-4D67-9AEC-2289736684B8}.Release|Any CPU.ActiveCfg = Release|Any CPU
		{3BA0882A-6BCE-4D67-9AEC-2289736684B8}.Release|Any CPU.Build.0 = Release|Any CPU
		{359ED9B4-B0B7-4A24-BD7E-B6526AF14D18}.Debug|Any CPU.ActiveCfg = Debug|Any CPU
		{359ED9B4-B0B7-4A24-BD7E-B6526AF14D18}.Debug|Any CPU.Build.0 = Debug|Any CPU
		{359ED9B4-B0B7-4A24-BD7E-B6526AF14D18}.Release|Any CPU.ActiveCfg = Release|Any CPU
		{359ED9B4-B0B7-4A24-BD7E-B6526AF14D18}.Release|Any CPU.Build.0 = Release|Any CPU
	EndGlobalSection
	GlobalSection(SolutionProperties) = preSolution
		HideSolutionNode = FALSE
	EndGlobalSection
	GlobalSection(ExtensibilityGlobals) = postSolution
		SolutionGuid = {81FADE4F-5046-4A24-8979-B66BCC5181FB}
	EndGlobalSection
EndGlobal
